
Microsoft Visual Studio Solution File, Format Version 12.00
# Visual Studio 15
VisualStudioVersion = 15.0.28307.572
MinimumVisualStudioVersion = 10.0.40219.1
Project("{FAE04EC0-301F-11D3-BF4B-00C04F79EFBC}") = "RPSFight.UWP", "RPSFight\RPSFight.UWP\RPSFight.UWP.csproj", "{FA10DF10-FFF7-4AD2-B17D-5F5EE9E6E7EE}"
EndProject
Project("{9A19103F-16F7-4668-BE54-9A1E7A4F7556}") = "RPSFight", "RPSFight\RPSFight\RPSFight.csproj", "{96AFB0F9-516D-406B-9297-A0430AAF1407}"
EndProject
Project("{9A19103F-16F7-4668-BE54-9A1E7A4F7556}") = "RPSBackendLogic", "BackendLogic\RPSBackendLogic.csproj", "{799235BF-BD56-49BF-B846-A0FB0A296E3C}"
EndProject
Project("{FAE04EC0-301F-11D3-BF4B-00C04F79EFBC}") = "RPSDataStorage", "RPSDataStorage\RPSDataStorage.csproj", "{204C358F-6769-41E9-A50E-E9C2E5540D3E}"
EndProject
Global
	GlobalSection(SolutionConfigurationPlatforms) = preSolution
		Ad-Hoc|Any CPU = Ad-Hoc|Any CPU
		Ad-Hoc|ARM = Ad-Hoc|ARM
		Ad-Hoc|iPhone = Ad-Hoc|iPhone
		Ad-Hoc|iPhoneSimulator = Ad-Hoc|iPhoneSimulator
		Ad-Hoc|x64 = Ad-Hoc|x64
		Ad-Hoc|x86 = Ad-Hoc|x86
		AppStore|Any CPU = AppStore|Any CPU
		AppStore|ARM = AppStore|ARM
		AppStore|iPhone = AppStore|iPhone
		AppStore|iPhoneSimulator = AppStore|iPhoneSimulator
		AppStore|x64 = AppStore|x64
		AppStore|x86 = AppStore|x86
		Debug|Any CPU = Debug|Any CPU
		Debug|ARM = Debug|ARM
		Debug|iPhone = Debug|iPhone
		Debug|iPhoneSimulator = Debug|iPhoneSimulator
		Debug|x64 = Debug|x64
		Debug|x86 = Debug|x86
		Release|Any CPU = Release|Any CPU
		Release|ARM = Release|ARM
		Release|iPhone = Release|iPhone
		Release|iPhoneSimulator = Release|iPhoneSimulator
		Release|x64 = Release|x64
		Release|x86 = Release|x86
	EndGlobalSection
	GlobalSection(ProjectConfigurationPlatforms) = postSolution
		{FA10DF10-FFF7-4AD2-B17D-5F5EE9E6E7EE}.Ad-Hoc|Any CPU.ActiveCfg = Release|x86
		{FA10DF10-FFF7-4AD2-B17D-5F5EE9E6E7EE}.Ad-Hoc|Any CPU.Build.0 = Release|x86
		{FA10DF10-FFF7-4AD2-B17D-5F5EE9E6E7EE}.Ad-Hoc|Any CPU.Deploy.0 = Release|x86
		{FA10DF10-FFF7-4AD2-B17D-5F5EE9E6E7EE}.Ad-Hoc|ARM.ActiveCfg = Release|ARM
		{FA10DF10-FFF7-4AD2-B17D-5F5EE9E6E7EE}.Ad-Hoc|ARM.Build.0 = Release|ARM
		{FA10DF10-FFF7-4AD2-B17D-5F5EE9E6E7EE}.Ad-Hoc|ARM.Deploy.0 = Release|ARM
		{FA10DF10-FFF7-4AD2-B17D-5F5EE9E6E7EE}.Ad-Hoc|iPhone.ActiveCfg = Release|x86
		{FA10DF10-FFF7-4AD2-B17D-5F5EE9E6E7EE}.Ad-Hoc|iPhone.Build.0 = Release|x86
		{FA10DF10-FFF7-4AD2-B17D-5F5EE9E6E7EE}.Ad-Hoc|iPhone.Deploy.0 = Release|x86
		{FA10DF10-FFF7-4AD2-B17D-5F5EE9E6E7EE}.Ad-Hoc|iPhoneSimulator.ActiveCfg = Release|x86
		{FA10DF10-FFF7-4AD2-B17D-5F5EE9E6E7EE}.Ad-Hoc|iPhoneSimulator.Build.0 = Release|x86
		{FA10DF10-FFF7-4AD2-B17D-5F5EE9E6E7EE}.Ad-Hoc|iPhoneSimulator.Deploy.0 = Release|x86
		{FA10DF10-FFF7-4AD2-B17D-5F5EE9E6E7EE}.Ad-Hoc|x64.ActiveCfg = Release|x64
		{FA10DF10-FFF7-4AD2-B17D-5F5EE9E6E7EE}.Ad-Hoc|x64.Build.0 = Release|x64
		{FA10DF10-FFF7-4AD2-B17D-5F5EE9E6E7EE}.Ad-Hoc|x64.Deploy.0 = Release|x64
		{FA10DF10-FFF7-4AD2-B17D-5F5EE9E6E7EE}.Ad-Hoc|x86.ActiveCfg = Release|x86
		{FA10DF10-FFF7-4AD2-B17D-5F5EE9E6E7EE}.Ad-Hoc|x86.Build.0 = Release|x86
		{FA10DF10-FFF7-4AD2-B17D-5F5EE9E6E7EE}.Ad-Hoc|x86.Deploy.0 = Release|x86
		{FA10DF10-FFF7-4AD2-B17D-5F5EE9E6E7EE}.AppStore|Any CPU.ActiveCfg = Release|x86
		{FA10DF10-FFF7-4AD2-B17D-5F5EE9E6E7EE}.AppStore|Any CPU.Build.0 = Release|x86
		{FA10DF10-FFF7-4AD2-B17D-5F5EE9E6E7EE}.AppStore|Any CPU.Deploy.0 = Release|x86
		{FA10DF10-FFF7-4AD2-B17D-5F5EE9E6E7EE}.AppStore|ARM.ActiveCfg = Release|ARM
		{FA10DF10-FFF7-4AD2-B17D-5F5EE9E6E7EE}.AppStore|ARM.Build.0 = Release|ARM
		{FA10DF10-FFF7-4AD2-B17D-5F5EE9E6E7EE}.AppStore|ARM.Deploy.0 = Release|ARM
		{FA10DF10-FFF7-4AD2-B17D-5F5EE9E6E7EE}.AppStore|iPhone.ActiveCfg = Release|x86
		{FA10DF10-FFF7-4AD2-B17D-5F5EE9E6E7EE}.AppStore|iPhone.Build.0 = Release|x86
		{FA10DF10-FFF7-4AD2-B17D-5F5EE9E6E7EE}.AppStore|iPhone.Deploy.0 = Release|x86
		{FA10DF10-FFF7-4AD2-B17D-5F5EE9E6E7EE}.AppStore|iPhoneSimulator.ActiveCfg = Release|x86
		{FA10DF10-FFF7-4AD2-B17D-5F5EE9E6E7EE}.AppStore|iPhoneSimulator.Build.0 = Release|x86
		{FA10DF10-FFF7-4AD2-B17D-5F5EE9E6E7EE}.AppStore|iPhoneSimulator.Deploy.0 = Release|x86
		{FA10DF10-FFF7-4AD2-B17D-5F5EE9E6E7EE}.AppStore|x64.ActiveCfg = Release|x64
		{FA10DF10-FFF7-4AD2-B17D-5F5EE9E6E7EE}.AppStore|x64.Build.0 = Release|x64
		{FA10DF10-FFF7-4AD2-B17D-5F5EE9E6E7EE}.AppStore|x64.Deploy.0 = Release|x64
		{FA10DF10-FFF7-4AD2-B17D-5F5EE9E6E7EE}.AppStore|x86.ActiveCfg = Release|x86
		{FA10DF10-FFF7-4AD2-B17D-5F5EE9E6E7EE}.AppStore|x86.Build.0 = Release|x86
		{FA10DF10-FFF7-4AD2-B17D-5F5EE9E6E7EE}.AppStore|x86.Deploy.0 = Release|x86
		{FA10DF10-FFF7-4AD2-B17D-5F5EE9E6E7EE}.Debug|Any CPU.ActiveCfg = Debug|x86
		{FA10DF10-FFF7-4AD2-B17D-5F5EE9E6E7EE}.Debug|Any CPU.Build.0 = Debug|x86
		{FA10DF10-FFF7-4AD2-B17D-5F5EE9E6E7EE}.Debug|Any CPU.Deploy.0 = Debug|x86
		{FA10DF10-FFF7-4AD2-B17D-5F5EE9E6E7EE}.Debug|ARM.ActiveCfg = Debug|ARM
		{FA10DF10-FFF7-4AD2-B17D-5F5EE9E6E7EE}.Debug|ARM.Build.0 = Debug|ARM
		{FA10DF10-FFF7-4AD2-B17D-5F5EE9E6E7EE}.Debug|ARM.Deploy.0 = Debug|ARM
		{FA10DF10-FFF7-4AD2-B17D-5F5EE9E6E7EE}.Debug|iPhone.ActiveCfg = Debug|x86
		{FA10DF10-FFF7-4AD2-B17D-5F5EE9E6E7EE}.Debug|iPhone.Build.0 = Debug|x86
		{FA10DF10-FFF7-4AD2-B17D-5F5EE9E6E7EE}.Debug|iPhone.Deploy.0 = Debug|x86
		{FA10DF10-FFF7-4AD2-B17D-5F5EE9E6E7EE}.Debug|iPhoneSimulator.ActiveCfg = Debug|x86
		{FA10DF10-FFF7-4AD2-B17D-5F5EE9E6E7EE}.Debug|iPhoneSimulator.Build.0 = Debug|x86
		{FA10DF10-FFF7-4AD2-B17D-5F5EE9E6E7EE}.Debug|iPhoneSimulator.Deploy.0 = Debug|x86
		{FA10DF10-FFF7-4AD2-B17D-5F5EE9E6E7EE}.Debug|x64.ActiveCfg = Debug|x64
		{FA10DF10-FFF7-4AD2-B17D-5F5EE9E6E7EE}.Debug|x64.Build.0 = Debug|x64
		{FA10DF10-FFF7-4AD2-B17D-5F5EE9E6E7EE}.Debug|x64.Deploy.0 = Debug|x64
		{FA10DF10-FFF7-4AD2-B17D-5F5EE9E6E7EE}.Debug|x86.ActiveCfg = Debug|x86
		{FA10DF10-FFF7-4AD2-B17D-5F5EE9E6E7EE}.Debug|x86.Build.0 = Debug|x86
		{FA10DF10-FFF7-4AD2-B17D-5F5EE9E6E7EE}.Debug|x86.Deploy.0 = Debug|x86
		{FA10DF10-FFF7-4AD2-B17D-5F5EE9E6E7EE}.Release|Any CPU.ActiveCfg = Release|x86
		{FA10DF10-FFF7-4AD2-B17D-5F5EE9E6E7EE}.Release|Any CPU.Build.0 = Release|x86
		{FA10DF10-FFF7-4AD2-B17D-5F5EE9E6E7EE}.Release|Any CPU.Deploy.0 = Release|x86
		{FA10DF10-FFF7-4AD2-B17D-5F5EE9E6E7EE}.Release|ARM.ActiveCfg = Release|ARM
		{FA10DF10-FFF7-4AD2-B17D-5F5EE9E6E7EE}.Release|ARM.Build.0 = Release|ARM
		{FA10DF10-FFF7-4AD2-B17D-5F5EE9E6E7EE}.Release|ARM.Deploy.0 = Release|ARM
		{FA10DF10-FFF7-4AD2-B17D-5F5EE9E6E7EE}.Release|iPhone.ActiveCfg = Release|x86
		{FA10DF10-FFF7-4AD2-B17D-5F5EE9E6E7EE}.Release|iPhone.Build.0 = Release|x86
		{FA10DF10-FFF7-4AD2-B17D-5F5EE9E6E7EE}.Release|iPhone.Deploy.0 = Release|x86
		{FA10DF10-FFF7-4AD2-B17D-5F5EE9E6E7EE}.Release|iPhoneSimulator.ActiveCfg = Release|x86
		{FA10DF10-FFF7-4AD2-B17D-5F5EE9E6E7EE}.Release|iPhoneSimulator.Build.0 = Release|x86
		{FA10DF10-FFF7-4AD2-B17D-5F5EE9E6E7EE}.Release|iPhoneSimulator.Deploy.0 = Release|x86
		{FA10DF10-FFF7-4AD2-B17D-5F5EE9E6E7EE}.Release|x64.ActiveCfg = Release|x64
		{FA10DF10-FFF7-4AD2-B17D-5F5EE9E6E7EE}.Release|x64.Build.0 = Release|x64
		{FA10DF10-FFF7-4AD2-B17D-5F5EE9E6E7EE}.Release|x64.Deploy.0 = Release|x64
		{FA10DF10-FFF7-4AD2-B17D-5F5EE9E6E7EE}.Release|x86.ActiveCfg = Release|x86
		{FA10DF10-FFF7-4AD2-B17D-5F5EE9E6E7EE}.Release|x86.Build.0 = Release|x86
		{FA10DF10-FFF7-4AD2-B17D-5F5EE9E6E7EE}.Release|x86.Deploy.0 = Release|x86
		{96AFB0F9-516D-406B-9297-A0430AAF1407}.Ad-Hoc|Any CPU.ActiveCfg = Debug|Any CPU
		{96AFB0F9-516D-406B-9297-A0430AAF1407}.Ad-Hoc|Any CPU.Build.0 = Debug|Any CPU
		{96AFB0F9-516D-406B-9297-A0430AAF1407}.Ad-Hoc|Any CPU.Deploy.0 = Debug|Any CPU
		{96AFB0F9-516D-406B-9297-A0430AAF1407}.Ad-Hoc|ARM.ActiveCfg = Debug|Any CPU
		{96AFB0F9-516D-406B-9297-A0430AAF1407}.Ad-Hoc|ARM.Build.0 = Debug|Any CPU
		{96AFB0F9-516D-406B-9297-A0430AAF1407}.Ad-Hoc|ARM.Deploy.0 = Debug|Any CPU
		{96AFB0F9-516D-406B-9297-A0430AAF1407}.Ad-Hoc|iPhone.ActiveCfg = Debug|Any CPU
		{96AFB0F9-516D-406B-9297-A0430AAF1407}.Ad-Hoc|iPhone.Build.0 = Debug|Any CPU
		{96AFB0F9-516D-406B-9297-A0430AAF1407}.Ad-Hoc|iPhone.Deploy.0 = Debug|Any CPU
		{96AFB0F9-516D-406B-9297-A0430AAF1407}.Ad-Hoc|iPhoneSimulator.ActiveCfg = Debug|Any CPU
		{96AFB0F9-516D-406B-9297-A0430AAF1407}.Ad-Hoc|iPhoneSimulator.Build.0 = Debug|Any CPU
		{96AFB0F9-516D-406B-9297-A0430AAF1407}.Ad-Hoc|iPhoneSimulator.Deploy.0 = Debug|Any CPU
		{96AFB0F9-516D-406B-9297-A0430AAF1407}.Ad-Hoc|x64.ActiveCfg = Debug|Any CPU
		{96AFB0F9-516D-406B-9297-A0430AAF1407}.Ad-Hoc|x64.Build.0 = Debug|Any CPU
		{96AFB0F9-516D-406B-9297-A0430AAF1407}.Ad-Hoc|x64.Deploy.0 = Debug|Any CPU
		{96AFB0F9-516D-406B-9297-A0430AAF1407}.Ad-Hoc|x86.ActiveCfg = Debug|Any CPU
		{96AFB0F9-516D-406B-9297-A0430AAF1407}.Ad-Hoc|x86.Build.0 = Debug|Any CPU
		{96AFB0F9-516D-406B-9297-A0430AAF1407}.Ad-Hoc|x86.Deploy.0 = Debug|Any CPU
		{96AFB0F9-516D-406B-9297-A0430AAF1407}.AppStore|Any CPU.ActiveCfg = Debug|Any CPU
		{96AFB0F9-516D-406B-9297-A0430AAF1407}.AppStore|Any CPU.Build.0 = Debug|Any CPU
		{96AFB0F9-516D-406B-9297-A0430AAF1407}.AppStore|Any CPU.Deploy.0 = Debug|Any CPU
		{96AFB0F9-516D-406B-9297-A0430AAF1407}.AppStore|ARM.ActiveCfg = Debug|Any CPU
		{96AFB0F9-516D-406B-9297-A0430AAF1407}.AppStore|ARM.Build.0 = Debug|Any CPU
		{96AFB0F9-516D-406B-9297-A0430AAF1407}.AppStore|ARM.Deploy.0 = Debug|Any CPU
		{96AFB0F9-516D-406B-9297-A0430AAF1407}.AppStore|iPhone.ActiveCfg = Debug|Any CPU
		{96AFB0F9-516D-406B-9297-A0430AAF1407}.AppStore|iPhone.Build.0 = Debug|Any CPU
		{96AFB0F9-516D-406B-9297-A0430AAF1407}.AppStore|iPhone.Deploy.0 = Debug|Any CPU
		{96AFB0F9-516D-406B-9297-A0430AAF1407}.AppStore|iPhoneSimulator.ActiveCfg = Debug|Any CPU
		{96AFB0F9-516D-406B-9297-A0430AAF1407}.AppStore|iPhoneSimulator.Build.0 = Debug|Any CPU
		{96AFB0F9-516D-406B-9297-A0430AAF1407}.AppStore|iPhoneSimulator.Deploy.0 = Debug|Any CPU
		{96AFB0F9-516D-406B-9297-A0430AAF1407}.AppStore|x64.ActiveCfg = Debug|Any CPU
		{96AFB0F9-516D-406B-9297-A0430AAF1407}.AppStore|x64.Build.0 = Debug|Any CPU
		{96AFB0F9-516D-406B-9297-A0430AAF1407}.AppStore|x64.Deploy.0 = Debug|Any CPU
		{96AFB0F9-516D-406B-9297-A0430AAF1407}.AppStore|x86.ActiveCfg = Debug|Any CPU
		{96AFB0F9-516D-406B-9297-A0430AAF1407}.AppStore|x86.Build.0 = Debug|Any CPU
		{96AFB0F9-516D-406B-9297-A0430AAF1407}.AppStore|x86.Deploy.0 = Debug|Any CPU
		{96AFB0F9-516D-406B-9297-A0430AAF1407}.Debug|Any CPU.ActiveCfg = Debug|Any CPU
		{96AFB0F9-516D-406B-9297-A0430AAF1407}.Debug|Any CPU.Build.0 = Debug|Any CPU
		{96AFB0F9-516D-406B-9297-A0430AAF1407}.Debug|Any CPU.Deploy.0 = Debug|Any CPU
		{96AFB0F9-516D-406B-9297-A0430AAF1407}.Debug|ARM.ActiveCfg = Debug|Any CPU
		{96AFB0F9-516D-406B-9297-A0430AAF1407}.Debug|ARM.Build.0 = Debug|Any CPU
		{96AFB0F9-516D-406B-9297-A0430AAF1407}.Debug|ARM.Deploy.0 = Debug|Any CPU
		{96AFB0F9-516D-406B-9297-A0430AAF1407}.Debug|iPhone.ActiveCfg = Debug|Any CPU
		{96AFB0F9-516D-406B-9297-A0430AAF1407}.Debug|iPhone.Build.0 = Debug|Any CPU
		{96AFB0F9-516D-406B-9297-A0430AAF1407}.Debug|iPhone.Deploy.0 = Debug|Any CPU
		{96AFB0F9-516D-406B-9297-A0430AAF1407}.Debug|iPhoneSimulator.ActiveCfg = Debug|Any CPU
		{96AFB0F9-516D-406B-9297-A0430AAF1407}.Debug|iPhoneSimulator.Build.0 = Debug|Any CPU
		{96AFB0F9-516D-406B-9297-A0430AAF1407}.Debug|iPhoneSimulator.Deploy.0 = Debug|Any CPU
		{96AFB0F9-516D-406B-9297-A0430AAF1407}.Debug|x64.ActiveCfg = Debug|Any CPU
		{96AFB0F9-516D-406B-9297-A0430AAF1407}.Debug|x64.Build.0 = Debug|Any CPU
		{96AFB0F9-516D-406B-9297-A0430AAF1407}.Debug|x64.Deploy.0 = Debug|Any CPU
		{96AFB0F9-516D-406B-9297-A0430AAF1407}.Debug|x86.ActiveCfg = Debug|Any CPU
		{96AFB0F9-516D-406B-9297-A0430AAF1407}.Debug|x86.Build.0 = Debug|Any CPU
		{96AFB0F9-516D-406B-9297-A0430AAF1407}.Debug|x86.Deploy.0 = Debug|Any CPU
		{96AFB0F9-516D-406B-9297-A0430AAF1407}.Release|Any CPU.ActiveCfg = Release|Any CPU
		{96AFB0F9-516D-406B-9297-A0430AAF1407}.Release|Any CPU.Build.0 = Release|Any CPU
		{96AFB0F9-516D-406B-9297-A0430AAF1407}.Release|Any CPU.Deploy.0 = Release|Any CPU
		{96AFB0F9-516D-406B-9297-A0430AAF1407}.Release|ARM.ActiveCfg = Release|Any CPU
		{96AFB0F9-516D-406B-9297-A0430AAF1407}.Release|ARM.Build.0 = Release|Any CPU
		{96AFB0F9-516D-406B-9297-A0430AAF1407}.Release|ARM.Deploy.0 = Release|Any CPU
		{96AFB0F9-516D-406B-9297-A0430AAF1407}.Release|iPhone.ActiveCfg = Release|Any CPU
		{96AFB0F9-516D-406B-9297-A0430AAF1407}.Release|iPhone.Build.0 = Release|Any CPU
		{96AFB0F9-516D-406B-9297-A0430AAF1407}.Release|iPhone.Deploy.0 = Release|Any CPU
		{96AFB0F9-516D-406B-9297-A0430AAF1407}.Release|iPhoneSimulator.ActiveCfg = Release|Any CPU
		{96AFB0F9-516D-406B-9297-A0430AAF1407}.Release|iPhoneSimulator.Build.0 = Release|Any CPU
		{96AFB0F9-516D-406B-9297-A0430AAF1407}.Release|iPhoneSimulator.Deploy.0 = Release|Any CPU
		{96AFB0F9-516D-406B-9297-A0430AAF1407}.Release|x64.ActiveCfg = Release|Any CPU
		{96AFB0F9-516D-406B-9297-A0430AAF1407}.Release|x64.Build.0 = Release|Any CPU
		{96AFB0F9-516D-406B-9297-A0430AAF1407}.Release|x64.Deploy.0 = Release|Any CPU
		{96AFB0F9-516D-406B-9297-A0430AAF1407}.Release|x86.ActiveCfg = Release|Any CPU
		{96AFB0F9-516D-406B-9297-A0430AAF1407}.Release|x86.Build.0 = Release|Any CPU
		{96AFB0F9-516D-406B-9297-A0430AAF1407}.Release|x86.Deploy.0 = Release|Any CPU
		{799235BF-BD56-49BF-B846-A0FB0A296E3C}.Ad-Hoc|Any CPU.ActiveCfg = Debug|Any CPU
		{799235BF-BD56-49BF-B846-A0FB0A296E3C}.Ad-Hoc|Any CPU.Build.0 = Debug|Any CPU
		{799235BF-BD56-49BF-B846-A0FB0A296E3C}.Ad-Hoc|ARM.ActiveCfg = Debug|Any CPU
		{799235BF-BD56-49BF-B846-A0FB0A296E3C}.Ad-Hoc|ARM.Build.0 = Debug|Any CPU
		{799235BF-BD56-49BF-B846-A0FB0A296E3C}.Ad-Hoc|iPhone.ActiveCfg = Debug|Any CPU
		{799235BF-BD56-49BF-B846-A0FB0A296E3C}.Ad-Hoc|iPhone.Build.0 = Debug|Any CPU
		{799235BF-BD56-49BF-B846-A0FB0A296E3C}.Ad-Hoc|iPhoneSimulator.ActiveCfg = Debug|Any CPU
		{799235BF-BD56-49BF-B846-A0FB0A296E3C}.Ad-Hoc|iPhoneSimulator.Build.0 = Debug|Any CPU
		{799235BF-BD56-49BF-B846-A0FB0A296E3C}.Ad-Hoc|x64.ActiveCfg = Debug|Any CPU
		{799235BF-BD56-49BF-B846-A0FB0A296E3C}.Ad-Hoc|x64.Build.0 = Debug|Any CPU
		{799235BF-BD56-49BF-B846-A0FB0A296E3C}.Ad-Hoc|x86.ActiveCfg = Debug|Any CPU
		{799235BF-BD56-49BF-B846-A0FB0A296E3C}.Ad-Hoc|x86.Build.0 = Debug|Any CPU
		{799235BF-BD56-49BF-B846-A0FB0A296E3C}.AppStore|Any CPU.ActiveCfg = Debug|Any CPU
		{799235BF-BD56-49BF-B846-A0FB0A296E3C}.AppStore|Any CPU.Build.0 = Debug|Any CPU
		{799235BF-BD56-49BF-B846-A0FB0A296E3C}.AppStore|ARM.ActiveCfg = Debug|Any CPU
		{799235BF-BD56-49BF-B846-A0FB0A296E3C}.AppStore|ARM.Build.0 = Debug|Any CPU
		{799235BF-BD56-49BF-B846-A0FB0A296E3C}.AppStore|iPhone.ActiveCfg = Debug|Any CPU
		{799235BF-BD56-49BF-B846-A0FB0A296E3C}.AppStore|iPhone.Build.0 = Debug|Any CPU
		{799235BF-BD56-49BF-B846-A0FB0A296E3C}.AppStore|iPhoneSimulator.ActiveCfg = Debug|Any CPU
		{799235BF-BD56-49BF-B846-A0FB0A296E3C}.AppStore|iPhoneSimulator.Build.0 = Debug|Any CPU
		{799235BF-BD56-49BF-B846-A0FB0A296E3C}.AppStore|x64.ActiveCfg = Debug|Any CPU
		{799235BF-BD56-49BF-B846-A0FB0A296E3C}.AppStore|x64.Build.0 = Debug|Any CPU
		{799235BF-BD56-49BF-B846-A0FB0A296E3C}.AppStore|x86.ActiveCfg = Debug|Any CPU
		{799235BF-BD56-49BF-B846-A0FB0A296E3C}.AppStore|x86.Build.0 = Debug|Any CPU
		{799235BF-BD56-49BF-B846-A0FB0A296E3C}.Debug|Any CPU.ActiveCfg = Debug|Any CPU
		{799235BF-BD56-49BF-B846-A0FB0A296E3C}.Debug|Any CPU.Build.0 = Debug|Any CPU
		{799235BF-BD56-49BF-B846-A0FB0A296E3C}.Debug|ARM.ActiveCfg = Debug|Any CPU
		{799235BF-BD56-49BF-B846-A0FB0A296E3C}.Debug|ARM.Build.0 = Debug|Any CPU
		{799235BF-BD56-49BF-B846-A0FB0A296E3C}.Debug|iPhone.ActiveCfg = Debug|Any CPU
		{799235BF-BD56-49BF-B846-A0FB0A296E3C}.Debug|iPhone.Build.0 = Debug|Any CPU
		{799235BF-BD56-49BF-B846-A0FB0A296E3C}.Debug|iPhoneSimulator.ActiveCfg = Debug|Any CPU
		{799235BF-BD56-49BF-B846-A0FB0A296E3C}.Debug|iPhoneSimulator.Build.0 = Debug|Any CPU
		{799235BF-BD56-49BF-B846-A0FB0A296E3C}.Debug|x64.ActiveCfg = Debug|Any CPU
		{799235BF-BD56-49BF-B846-A0FB0A296E3C}.Debug|x64.Build.0 = Debug|Any CPU
		{799235BF-BD56-49BF-B846-A0FB0A296E3C}.Debug|x86.ActiveCfg = Debug|Any CPU
		{799235BF-BD56-49BF-B846-A0FB0A296E3C}.Debug|x86.Build.0 = Debug|Any CPU
		{799235BF-BD56-49BF-B846-A0FB0A296E3C}.Release|Any CPU.ActiveCfg = Release|Any CPU
		{799235BF-BD56-49BF-B846-A0FB0A296E3C}.Release|Any CPU.Build.0 = Release|Any CPU
		{799235BF-BD56-49BF-B846-A0FB0A296E3C}.Release|ARM.ActiveCfg = Release|Any CPU
		{799235BF-BD56-49BF-B846-A0FB0A296E3C}.Release|ARM.Build.0 = Release|Any CPU
		{799235BF-BD56-49BF-B846-A0FB0A296E3C}.Release|iPhone.ActiveCfg = Release|Any CPU
		{799235BF-BD56-49BF-B846-A0FB0A296E3C}.Release|iPhone.Build.0 = Release|Any CPU
		{799235BF-BD56-49BF-B846-A0FB0A296E3C}.Release|iPhoneSimulator.ActiveCfg = Release|Any CPU
		{799235BF-BD56-49BF-B846-A0FB0A296E3C}.Release|iPhoneSimulator.Build.0 = Release|Any CPU
		{799235BF-BD56-49BF-B846-A0FB0A296E3C}.Release|x64.ActiveCfg = Release|Any CPU
		{799235BF-BD56-49BF-B846-A0FB0A296E3C}.Release|x64.Build.0 = Release|Any CPU
		{799235BF-BD56-49BF-B846-A0FB0A296E3C}.Release|x86.ActiveCfg = Release|Any CPU
		{799235BF-BD56-49BF-B846-A0FB0A296E3C}.Release|x86.Build.0 = Release|Any CPU
		{204C358F-6769-41E9-A50E-E9C2E5540D3E}.Ad-Hoc|Any CPU.ActiveCfg = Debug|Any CPU
		{204C358F-6769-41E9-A50E-E9C2E5540D3E}.Ad-Hoc|Any CPU.Build.0 = Debug|Any CPU
		{204C358F-6769-41E9-A50E-E9C2E5540D3E}.Ad-Hoc|ARM.ActiveCfg = Debug|Any CPU
		{204C358F-6769-41E9-A50E-E9C2E5540D3E}.Ad-Hoc|ARM.Build.0 = Debug|Any CPU
		{204C358F-6769-41E9-A50E-E9C2E5540D3E}.Ad-Hoc|iPhone.ActiveCfg = Debug|Any CPU
		{204C358F-6769-41E9-A50E-E9C2E5540D3E}.Ad-Hoc|iPhone.Build.0 = Debug|Any CPU
		{204C358F-6769-41E9-A50E-E9C2E5540D3E}.Ad-Hoc|iPhoneSimulator.ActiveCfg = Debug|Any CPU
		{204C358F-6769-41E9-A50E-E9C2E5540D3E}.Ad-Hoc|iPhoneSimulator.Build.0 = Debug|Any CPU
		{204C358F-6769-41E9-A50E-E9C2E5540D3E}.Ad-Hoc|x64.ActiveCfg = Debug|Any CPU
		{204C358F-6769-41E9-A50E-E9C2E5540D3E}.Ad-Hoc|x64.Build.0 = Debug|Any CPU
		{204C358F-6769-41E9-A50E-E9C2E5540D3E}.Ad-Hoc|x86.ActiveCfg = Debug|Any CPU
		{204C358F-6769-41E9-A50E-E9C2E5540D3E}.Ad-Hoc|x86.Build.0 = Debug|Any CPU
		{204C358F-6769-41E9-A50E-E9C2E5540D3E}.AppStore|Any CPU.ActiveCfg = Debug|Any CPU
		{204C358F-6769-41E9-A50E-E9C2E5540D3E}.AppStore|Any CPU.Build.0 = Debug|Any CPU
		{204C358F-6769-41E9-A50E-E9C2E5540D3E}.AppStore|ARM.ActiveCfg = Debug|Any CPU
		{204C358F-6769-41E9-A50E-E9C2E5540D3E}.AppStore|ARM.Build.0 = Debug|Any CPU
		{204C358F-6769-41E9-A50E-E9C2E5540D3E}.AppStore|iPhone.ActiveCfg = Debug|Any CPU
		{204C358F-6769-41E9-A50E-E9C2E5540D3E}.AppStore|iPhone.Build.0 = Debug|Any CPU
		{204C358F-6769-41E9-A50E-E9C2E5540D3E}.AppStore|iPhoneSimulator.ActiveCfg = Debug|Any CPU
		{204C358F-6769-41E9-A50E-E9C2E5540D3E}.AppStore|iPhoneSimulator.Build.0 = Debug|Any CPU
		{204C358F-6769-41E9-A50E-E9C2E5540D3E}.AppStore|x64.ActiveCfg = Debug|Any CPU
		{204C358F-6769-41E9-A50E-E9C2E5540D3E}.AppStore|x64.Build.0 = Debug|Any CPU
		{204C358F-6769-41E9-A50E-E9C2E5540D3E}.AppStore|x86.ActiveCfg = Debug|Any CPU
		{204C358F-6769-41E9-A50E-E9C2E5540D3E}.AppStore|x86.Build.0 = Debug|Any CPU
		{204C358F-6769-41E9-A50E-E9C2E5540D3E}.Debug|Any CPU.ActiveCfg = Debug|Any CPU
		{204C358F-6769-41E9-A50E-E9C2E5540D3E}.Debug|Any CPU.Build.0 = Debug|Any CPU
		{204C358F-6769-41E9-A50E-E9C2E5540D3E}.Debug|ARM.ActiveCfg = Debug|Any CPU
		{204C358F-6769-41E9-A50E-E9C2E5540D3E}.Debug|ARM.Build.0 = Debug|Any CPU
		{204C358F-6769-41E9-A50E-E9C2E5540D3E}.Debug|iPhone.ActiveCfg = Debug|Any CPU
		{204C358F-6769-41E9-A50E-E9C2E5540D3E}.Debug|iPhone.Build.0 = Debug|Any CPU
		{204C358F-6769-41E9-A50E-E9C2E5540D3E}.Debug|iPhoneSimulator.ActiveCfg = Debug|Any CPU
		{204C358F-6769-41E9-A50E-E9C2E5540D3E}.Debug|iPhoneSimulator.Build.0 = Debug|Any CPU
		{204C358F-6769-41E9-A50E-E9C2E5540D3E}.Debug|x64.ActiveCfg = Debug|Any CPU
		{204C358F-6769-41E9-A50E-E9C2E5540D3E}.Debug|x64.Build.0 = Debug|Any CPU
		{204C358F-6769-41E9-A50E-E9C2E5540D3E}.Debug|x86.ActiveCfg = Debug|Any CPU
		{204C358F-6769-41E9-A50E-E9C2E5540D3E}.Debug|x86.Build.0 = Debug|Any CPU
		{204C358F-6769-41E9-A50E-E9C2E5540D3E}.Release|Any CPU.ActiveCfg = Release|Any CPU
		{204C358F-6769-41E9-A50E-E9C2E5540D3E}.Release|Any CPU.Build.0 = Release|Any CPU
		{204C358F-6769-41E9-A50E-E9C2E5540D3E}.Release|ARM.ActiveCfg = Release|Any CPU
		{204C358F-6769-41E9-A50E-E9C2E5540D3E}.Release|ARM.Build.0 = Release|Any CPU
		{204C358F-6769-41E9-A50E-E9C2E5540D3E}.Release|iPhone.ActiveCfg = Release|Any CPU
		{204C358F-6769-41E9-A50E-E9C2E5540D3E}.Release|iPhone.Build.0 = Release|Any CPU
		{204C358F-6769-41E9-A50E-E9C2E5540D3E}.Release|iPhoneSimulator.ActiveCfg = Release|Any CPU
		{204C358F-6769-41E9-A50E-E9C2E5540D3E}.Release|iPhoneSimulator.Build.0 = Release|Any CPU
		{204C358F-6769-41E9-A50E-E9C2E5540D3E}.Release|x64.ActiveCfg = Release|Any CPU
		{204C358F-6769-41E9-A50E-E9C2E5540D3E}.Release|x64.Build.0 = Release|Any CPU
		{204C358F-6769-41E9-A50E-E9C2E5540D3E}.Release|x86.ActiveCfg = Release|Any CPU
		{204C358F-6769-41E9-A50E-E9C2E5540D3E}.Release|x86.Build.0 = Release|Any CPU
	EndGlobalSection
	GlobalSection(SolutionProperties) = preSolution
		HideSolutionNode = FALSE
	EndGlobalSection
	GlobalSection(ExtensibilityGlobals) = postSolution
		SolutionGuid = {59B12F0D-C7C0-4BCB-8305-0699CE00470A}
	EndGlobalSection
EndGlobal
